
Microsoft Visual Studio Solution File, Format Version 12.00
# Visual Studio Version 17
VisualStudioVersion = 17.5.33530.505
MinimumVisualStudioVersion = 10.0.40219.1
Project("{FAE04EC0-301F-11D3-BF4B-00C04F79EFBC}") = "WallProblem", "WallProblem\WallProblem.csproj", "{60A5BCDD-D389-46F5-8E63-696CAA48DEDF}"
EndProject
Global
	GlobalSection(SolutionConfigurationPlatforms) = preSolution
		Debug|Any CPU = Debug|Any CPU
		Release|Any CPU = Release|Any CPU
	EndGlobalSection
	GlobalSection(ProjectConfigurationPlatforms) = postSolution
		{60A5BCDD-D389-46F5-8E63-696CAA48DEDF}.Debug|Any CPU.ActiveCfg = Debug|Any CPU
		{60A5BCDD-D389-46F5-8E63-696CAA48DEDF}.Debug|Any CPU.Build.0 = Debug|Any CPU
		{60A5BCDD-D389-46F5-8E63-696CAA48DEDF}.Release|Any CPU.ActiveCfg = Release|Any CPU
		{60A5BCDD-D389-46F5-8E63-696CAA48DEDF}.Release|Any CPU.Build.0 = Release|Any CPU
	EndGlobalSection
	GlobalSection(SolutionProperties) = preSolution
		HideSolutionNode = FALSE
	EndGlobalSection
	GlobalSection(ExtensibilityGlobals) = postSolution
		SolutionGuid = {E9A0FFEC-1226-496C-AF9B-2A293B4EB382}
	EndGlobalSection
EndGlobal
